{
  "version": 4,
  "terraform_version": "1.8.1",
  "serial": 2,
  "lineage": "ad3f4a84-4ba2-0f5a-3262-017601a06d05",
  "outputs": {
    "vm_public_ip_address": {
      "value": null,
      "type": "string"
    }
  },
  "resources": [
    {
      "mode": "managed",
      "type": "azurerm_resource_group",
      "name": "rg",
      "provider": "provider[\"registry.terraform.io/hashicorp/azurerm\"]",
      "instances": [
        {
          "schema_version": 0,
          "attributes": {
            "id": "/subscriptions/765266c6-9a23-4638-af32-dd1e32613047/resourceGroups/ADDA84-CTP",
            "location": "francecentral",
            "managed_by": "",
            "name": "ADDA84-CTP",
            "tags": {
              "cours": "ADDA84",
              "date-debut": "25/05/2023",
              "date-fin": "27/07/2023",
              "owner": "vincent.domingues"
            },
            "timeouts": null
          },
          "sensitive_attributes": [],
          "private": "eyJlMmJmYjczMC1lY2FhLTExZTYtOGY4OC0zNDM2M2JjN2M0YzAiOnsiY3JlYXRlIjo1NDAwMDAwMDAwMDAwLCJkZWxldGUiOjU0MDAwMDAwMDAwMDAsInJlYWQiOjMwMDAwMDAwMDAwMCwidXBkYXRlIjo1NDAwMDAwMDAwMDAwfSwic2NoZW1hX3ZlcnNpb24iOiIwIn0="
        }
      ]
    }
  ],
  "check_results": null
}
