{
  "version": 4,
  "terraform_version": "1.8.1",
  "serial": 35,
  "lineage": "ad3f4a84-4ba2-0f5a-3262-017601a06d05",
  "outputs": {
    "vm_public_ip_address": {
      "value": "",
      "type": "string"
    }
  },
  "resources": [
    {
      "mode": "data",
      "type": "azurerm_resource_group",
      "name": "existing_rg",
      "provider": "provider[\"registry.terraform.io/hashicorp/azurerm\"]",
      "instances": [
        {
          "schema_version": 0,
          "attributes": {
            "id": "/subscriptions/765266c6-9a23-4638-af32-dd1e32613047/resourceGroups/ADDA84-CTP",
            "location": "francecentral",
            "managed_by": "",
            "name": "ADDA84-CTP",
            "tags": {
              "cours": "ADDA84",
              "date-debut": "25/05/2023",
              "date-fin": "27/07/2023",
              "owner": "vincent.domingues"
            },
            "timeouts": null
          },
          "sensitive_attributes": []
        }
      ]
    },
    {
      "mode": "data",
      "type": "azurerm_subnet",
      "name": "existing_subnet",
      "provider": "provider[\"registry.terraform.io/hashicorp/azurerm\"]",
      "instances": [
        {
          "schema_version": 0,
          "attributes": {
            "address_prefix": "10.3.1.0/24",
            "address_prefixes": [
              "10.3.1.0/24"
            ],
            "enforce_private_link_endpoint_network_policies": false,
            "enforce_private_link_service_network_policies": false,
            "id": "/subscriptions/765266c6-9a23-4638-af32-dd1e32613047/resourceGroups/ADDA84-CTP/providers/Microsoft.Network/virtualNetworks/network-tp4/subnets/internal",
            "name": "internal",
            "network_security_group_id": "",
            "private_endpoint_network_policies_enabled": true,
            "private_link_service_network_policies_enabled": true,
            "resource_group_name": "ADDA84-CTP",
            "route_table_id": "",
            "service_endpoints": [],
            "timeouts": null,
            "virtual_network_name": "network-tp4"
          },
          "sensitive_attributes": []
        }
      ]
    },
    {
      "mode": "data",
      "type": "azurerm_virtual_network",
      "name": "existing_vnet",
      "provider": "provider[\"registry.terraform.io/hashicorp/azurerm\"]",
      "instances": [
        {
          "schema_version": 0,
          "attributes": {
            "address_space": [
              "10.3.0.0/16"
            ],
            "dns_servers": [],
            "guid": "115ae1ba-2382-40c6-a188-18d5a3a482cd",
            "id": "/subscriptions/765266c6-9a23-4638-af32-dd1e32613047/resourceGroups/ADDA84-CTP/providers/Microsoft.Network/virtualNetworks/network-tp4",
            "location": "francecentral",
            "name": "network-tp4",
            "resource_group_name": "ADDA84-CTP",
            "subnets": [
              "internal"
            ],
            "tags": {},
            "timeouts": null,
            "vnet_peerings": {},
            "vnet_peerings_addresses": []
          },
          "sensitive_attributes": []
        }
      ]
    },
    {
      "mode": "managed",
      "type": "azurerm_linux_virtual_machine",
      "name": "devops_vm",
      "provider": "provider[\"registry.terraform.io/hashicorp/azurerm\"]",
      "instances": [
        {
          "schema_version": 0,
          "attributes": {
            "additional_capabilities": [],
            "admin_password": null,
            "admin_ssh_key": [
              {
                "public_key": "ssh-rsa AAAAB3NzaC1yc2EAAAADAQABAAACAQDRWWHBHeprNKi6iHDiCuxUgMJVWKW8aBi9UqnI46gXdd5nkgylQHFZdAVnXWV63H5WVJx1IIACSDUifT2z609WFMzyslX3UqfKAkPbNEPsjYx6p8NTAe6ax7xxjlRTCq4yPtv5o42RkeYYS39ssYGVamFqVSHFtrHLK7jX87vS7aSUZBkG0oM5RQ8B/LETZQgBZCb/GoTjKtvyHvrLUyVQAtNJlGmgJyhR6ytT6DFiYaiuiJozR64LDqyWvyvEbI3ueHxb4TEGJ2yetfhMZXSu2uGWrmO6PyFv249p4eWmIAi4B1tzGei60LfckcXWM7vj0+rUdIm/aYORRv94J6hfMzYxrpqVb2FhgqKNaDENIoX8LGE2dEhyv8iGRr9ugxlWbEjd9GN4UpKkO51gc+s72i4exXGhyBsksd4fePwlMWEqZ0kngFbUlBY9EInG2PF3ROe47qYijmMOnRHtEfzumLdsVbxTEZFGur1T6X54j01MtneYIevDudZ275VpeLEuV2UtsbckZ6et15Ai9w/gzZcbN7sfYD9Wc/wa9o2EpwOoEM2HIzX4Gn9MAxBWEgT1qItt3BSt+qMrbrierlIT1O7fKmIwWVzL5Ue3oxVg3WCiTh+QwUaJ6qhgOOsCADvYVCvmudaULF0epZJaI7tnvgWKzkEile89EoiPhlakCQ== your_email@example.com\r\n",
                "username": "devops"
              }
            ],
            "admin_username": "devops",
            "allow_extension_operations": true,
            "availability_set_id": "",
            "boot_diagnostics": [],
            "bypass_platform_safety_checks_on_user_schedule_enabled": false,
            "capacity_reservation_group_id": "",
            "computer_name": "devops-20230583",
            "custom_data": "IyEvYmluL2Jhc2gNCiMgVXBkYXRlIHRoZSBwYWNrYWdlIGxpc3QNCnN1ZG8gYXB0LWdldCB1cGRhdGUNCiMgSW5zdGFsbCBEb2NrZXINCnN1ZG8gYXB0LWdldCBpbnN0YWxsIC15IGRvY2tlci5pbw0KIyBFbmFibGUgRG9ja2VyIHRvIHN0YXJ0IGF0IGJvb3QNCnN1ZG8gc3lzdGVtY3RsIGVuYWJsZSAtLW5vdyBkb2NrZXI=",
            "dedicated_host_group_id": "",
            "dedicated_host_id": "",
            "disable_password_authentication": true,
            "disk_controller_type": "",
            "edge_zone": "",
            "encryption_at_host_enabled": false,
            "eviction_policy": "",
            "extensions_time_budget": "PT1H30M",
            "gallery_application": [],
            "id": "/subscriptions/765266c6-9a23-4638-af32-dd1e32613047/resourceGroups/ADDA84-CTP/providers/Microsoft.Compute/virtualMachines/devops-20230583",
            "identity": [],
            "license_type": "",
            "location": "francecentral",
            "max_bid_price": -1,
            "name": "devops-20230583",
            "network_interface_ids": [
              "/subscriptions/765266c6-9a23-4638-af32-dd1e32613047/resourceGroups/ADDA84-CTP/providers/Microsoft.Network/networkInterfaces/devops-20230583-nic"
            ],
            "os_disk": [
              {
                "caching": "ReadWrite",
                "diff_disk_settings": [],
                "disk_encryption_set_id": "",
                "disk_size_gb": 30,
                "name": "devops-20230583_OsDisk_1_40c6ef5a67944eb1b75328743cea90c1",
                "secure_vm_disk_encryption_set_id": "",
                "security_encryption_type": "",
                "storage_account_type": "Standard_LRS",
                "write_accelerator_enabled": false
              }
            ],
            "os_image_notification": [],
            "patch_assessment_mode": "ImageDefault",
            "patch_mode": "ImageDefault",
            "plan": [],
            "platform_fault_domain": -1,
            "priority": "Regular",
            "private_ip_address": "10.3.1.22",
            "private_ip_addresses": [
              "10.3.1.22"
            ],
            "provision_vm_agent": true,
            "proximity_placement_group_id": "",
            "public_ip_address": "52.143.136.246",
            "public_ip_addresses": [
              "52.143.136.246"
            ],
            "reboot_setting": "",
            "resource_group_name": "ADDA84-CTP",
            "secret": [],
            "secure_boot_enabled": false,
            "size": "Standard_D2s_v3",
            "source_image_id": "",
            "source_image_reference": [
              {
                "offer": "UbuntuServer",
                "publisher": "Canonical",
                "sku": "18.04-LTS",
                "version": "latest"
              }
            ],
            "tags": null,
            "termination_notification": null,
            "timeouts": null,
            "user_data": "",
            "virtual_machine_id": "f9779fc0-6297-4e64-8975-1bd7ed55b2e4",
            "virtual_machine_scale_set_id": "",
            "vm_agent_platform_updates_enabled": false,
            "vtpm_enabled": false,
            "zone": ""
          },
          "sensitive_attributes": [
            [
              {
                "type": "get_attr",
                "value": "custom_data"
              }
            ],
            [
              {
                "type": "get_attr",
                "value": "admin_password"
              }
            ]
          ],
          "private": "eyJlMmJmYjczMC1lY2FhLTExZTYtOGY4OC0zNDM2M2JjN2M0YzAiOnsiY3JlYXRlIjoyNzAwMDAwMDAwMDAwLCJkZWxldGUiOjI3MDAwMDAwMDAwMDAsInJlYWQiOjMwMDAwMDAwMDAwMCwidXBkYXRlIjoyNzAwMDAwMDAwMDAwfX0=",
          "dependencies": [
            "azurerm_network_interface.vm_nic",
            "azurerm_public_ip.vm_public_ip",
            "data.azurerm_resource_group.existing_rg",
            "data.azurerm_subnet.existing_subnet",
            "data.azurerm_virtual_network.existing_vnet"
          ]
        }
      ]
    },
    {
      "mode": "managed",
      "type": "azurerm_network_interface",
      "name": "vm_nic",
      "provider": "provider[\"registry.terraform.io/hashicorp/azurerm\"]",
      "instances": [
        {
          "schema_version": 0,
          "attributes": {
            "applied_dns_servers": [],
            "auxiliary_mode": "",
            "auxiliary_sku": "",
            "dns_servers": [],
            "edge_zone": "",
            "enable_accelerated_networking": false,
            "enable_ip_forwarding": false,
            "id": "/subscriptions/765266c6-9a23-4638-af32-dd1e32613047/resourceGroups/ADDA84-CTP/providers/Microsoft.Network/networkInterfaces/devops-20230583-nic",
            "internal_dns_name_label": "",
            "internal_domain_name_suffix": "xlqvuemcepdebimiddk0hjeczf.parx.internal.cloudapp.net",
            "ip_configuration": [
              {
                "gateway_load_balancer_frontend_ip_configuration_id": "",
                "name": "internal",
                "primary": true,
                "private_ip_address": "10.3.1.22",
                "private_ip_address_allocation": "Dynamic",
                "private_ip_address_version": "IPv4",
                "public_ip_address_id": "/subscriptions/765266c6-9a23-4638-af32-dd1e32613047/resourceGroups/ADDA84-CTP/providers/Microsoft.Network/publicIPAddresses/devops-20230583-public-ip",
                "subnet_id": "/subscriptions/765266c6-9a23-4638-af32-dd1e32613047/resourceGroups/ADDA84-CTP/providers/Microsoft.Network/virtualNetworks/network-tp4/subnets/internal"
              }
            ],
            "location": "francecentral",
            "mac_address": "",
            "name": "devops-20230583-nic",
            "private_ip_address": "10.3.1.22",
            "private_ip_addresses": [
              "10.3.1.22"
            ],
            "resource_group_name": "ADDA84-CTP",
            "tags": null,
            "timeouts": null,
            "virtual_machine_id": ""
          },
          "sensitive_attributes": [],
          "private": "eyJlMmJmYjczMC1lY2FhLTExZTYtOGY4OC0zNDM2M2JjN2M0YzAiOnsiY3JlYXRlIjoxODAwMDAwMDAwMDAwLCJkZWxldGUiOjE4MDAwMDAwMDAwMDAsInJlYWQiOjMwMDAwMDAwMDAwMCwidXBkYXRlIjoxODAwMDAwMDAwMDAwfX0=",
          "dependencies": [
            "azurerm_public_ip.vm_public_ip",
            "data.azurerm_resource_group.existing_rg",
            "data.azurerm_subnet.existing_subnet",
            "data.azurerm_virtual_network.existing_vnet"
          ]
        }
      ]
    },
    {
      "mode": "managed",
      "type": "azurerm_public_ip",
      "name": "vm_public_ip",
      "provider": "provider[\"registry.terraform.io/hashicorp/azurerm\"]",
      "instances": [
        {
          "schema_version": 0,
          "attributes": {
            "allocation_method": "Dynamic",
            "ddos_protection_mode": "VirtualNetworkInherited",
            "ddos_protection_plan_id": null,
            "domain_name_label": null,
            "edge_zone": "",
            "fqdn": null,
            "id": "/subscriptions/765266c6-9a23-4638-af32-dd1e32613047/resourceGroups/ADDA84-CTP/providers/Microsoft.Network/publicIPAddresses/devops-20230583-public-ip",
            "idle_timeout_in_minutes": 4,
            "ip_address": "",
            "ip_tags": null,
            "ip_version": "IPv4",
            "location": "francecentral",
            "name": "devops-20230583-public-ip",
            "public_ip_prefix_id": null,
            "resource_group_name": "ADDA84-CTP",
            "reverse_fqdn": null,
            "sku": "Basic",
            "sku_tier": "Regional",
            "tags": null,
            "timeouts": null,
            "zones": null
          },
          "sensitive_attributes": [],
          "private": "eyJlMmJmYjczMC1lY2FhLTExZTYtOGY4OC0zNDM2M2JjN2M0YzAiOnsiY3JlYXRlIjoxODAwMDAwMDAwMDAwLCJkZWxldGUiOjE4MDAwMDAwMDAwMDAsInJlYWQiOjMwMDAwMDAwMDAwMCwidXBkYXRlIjoxODAwMDAwMDAwMDAwfX0=",
          "dependencies": [
            "data.azurerm_resource_group.existing_rg"
          ]
        }
      ]
    }
  ],
  "check_results": null
}
